
Microsoft Visual Studio Solution File, Format Version 12.00
# Visual Studio Version 16
VisualStudioVersion = 16.0.31105.61
MinimumVisualStudioVersion = 10.0.40219.1
Project("{9A19103F-16F7-4668-BE54-9A1E7A4F7556}") = "EindOpdracht", "EindOpdracht\EindOpdracht.csproj", "{73A9144D-0281-4186-891D-258181F8D029}"
EndProject
Project("{9A19103F-16F7-4668-BE54-9A1E7A4F7556}") = "BussinesLayer", "BussinesLayer\BussinesLayer.csproj", "{25BF6A48-FD03-4BAD-A196-B67FF6168599}"
EndProject
Project("{9A19103F-16F7-4668-BE54-9A1E7A4F7556}") = "Repository", "Ripository\Repository.csproj", "{03A0FC32-05E4-45A8-A770-427C0D402355}"
EndProject
Project("{9A19103F-16F7-4668-BE54-9A1E7A4F7556}") = "WPF.App", "WPF.App\WPF.App.csproj", "{69FE6F83-3E3C-4F20-83C2-1E8C3CE37860}"
EndProject
Project("{9A19103F-16F7-4668-BE54-9A1E7A4F7556}") = "RepositoryTests", "RepositoryTests\RepositoryTests.csproj", "{553BC356-6838-4D12-9B01-A243AC8A2942}"
EndProject
Global
	GlobalSection(SolutionConfigurationPlatforms) = preSolution
		Debug|Any CPU = Debug|Any CPU
		Release|Any CPU = Release|Any CPU
	EndGlobalSection
	GlobalSection(ProjectConfigurationPlatforms) = postSolution
		{73A9144D-0281-4186-891D-258181F8D029}.Debug|Any CPU.ActiveCfg = Debug|Any CPU
		{73A9144D-0281-4186-891D-258181F8D029}.Debug|Any CPU.Build.0 = Debug|Any CPU
		{73A9144D-0281-4186-891D-258181F8D029}.Release|Any CPU.ActiveCfg = Release|Any CPU
		{73A9144D-0281-4186-891D-258181F8D029}.Release|Any CPU.Build.0 = Release|Any CPU
		{25BF6A48-FD03-4BAD-A196-B67FF6168599}.Debug|Any CPU.ActiveCfg = Debug|Any CPU
		{25BF6A48-FD03-4BAD-A196-B67FF6168599}.Debug|Any CPU.Build.0 = Debug|Any CPU
		{25BF6A48-FD03-4BAD-A196-B67FF6168599}.Release|Any CPU.ActiveCfg = Release|Any CPU
		{25BF6A48-FD03-4BAD-A196-B67FF6168599}.Release|Any CPU.Build.0 = Release|Any CPU
		{03A0FC32-05E4-45A8-A770-427C0D402355}.Debug|Any CPU.ActiveCfg = Debug|Any CPU
		{03A0FC32-05E4-45A8-A770-427C0D402355}.Debug|Any CPU.Build.0 = Debug|Any CPU
		{03A0FC32-05E4-45A8-A770-427C0D402355}.Release|Any CPU.ActiveCfg = Release|Any CPU
		{03A0FC32-05E4-45A8-A770-427C0D402355}.Release|Any CPU.Build.0 = Release|Any CPU
		{69FE6F83-3E3C-4F20-83C2-1E8C3CE37860}.Debug|Any CPU.ActiveCfg = Debug|Any CPU
		{69FE6F83-3E3C-4F20-83C2-1E8C3CE37860}.Debug|Any CPU.Build.0 = Debug|Any CPU
		{69FE6F83-3E3C-4F20-83C2-1E8C3CE37860}.Release|Any CPU.ActiveCfg = Release|Any CPU
		{69FE6F83-3E3C-4F20-83C2-1E8C3CE37860}.Release|Any CPU.Build.0 = Release|Any CPU
		{553BC356-6838-4D12-9B01-A243AC8A2942}.Debug|Any CPU.ActiveCfg = Debug|Any CPU
		{553BC356-6838-4D12-9B01-A243AC8A2942}.Debug|Any CPU.Build.0 = Debug|Any CPU
		{553BC356-6838-4D12-9B01-A243AC8A2942}.Release|Any CPU.ActiveCfg = Release|Any CPU
		{553BC356-6838-4D12-9B01-A243AC8A2942}.Release|Any CPU.Build.0 = Release|Any CPU
	EndGlobalSection
	GlobalSection(SolutionProperties) = preSolution
		HideSolutionNode = FALSE
	EndGlobalSection
	GlobalSection(ExtensibilityGlobals) = postSolution
		SolutionGuid = {F7ACA989-2BA0-4B1D-AD65-05DE58F5CBA6}
	EndGlobalSection
EndGlobal
